{
  "name": "dev",
  "lockfileVersion": 3,
  "requires": true,
  "packages": {
    "": {
      "devDependencies": {
        "parceljs": "^0.0.1",
        "phaser": "^3.80.1",
        "process": "^0.11.10"
      }
    },
    "node_modules/eventemitter3": {
      "version": "5.0.1",
      "resolved": "https://registry.npmjs.org/eventemitter3/-/eventemitter3-5.0.1.tgz",
      "integrity": "sha512-GWkBvjiSZK87ELrYOSESUYeVIc9mvLLf/nXalMOS5dYrgZq9o5OVkbZAVM06CVxYsCwH9BDZFPlQTlPA1j4ahA==",
      "dev": true
    },
    "node_modules/parceljs": {
      "version": "0.0.1",
      "resolved": "https://registry.npmjs.org/parceljs/-/parceljs-0.0.1.tgz",
      "integrity": "sha512-xbAtX3nhxitWdiuL4q3FAiZ21hO45N33iZBPg79hat0AnX9NserDl/FyroFrzaPNBDK+YVXs/CXKbMv6bc0wcw==",
      "dev": true
    },
    "node_modules/phaser": {
      "version": "3.80.1",
      "resolved": "https://registry.npmjs.org/phaser/-/phaser-3.80.1.tgz",
      "integrity": "sha512-VQGAWoDOkEpAWYkI+PUADv5Ql+SM0xpLuAMBJHz9tBcOLqjJ2wd8bUhxJgOqclQlLTg97NmMd9MhS75w16x1Cw==",
      "dev": true,
      "dependencies": {
        "eventemitter3": "^5.0.1"
      }
    },
    "node_modules/process": {
      "version": "0.11.10",
      "resolved": "https://registry.npmjs.org/process/-/process-0.11.10.tgz",
      "integrity": "sha512-cdGef/drWFoydD1JsMzuFf8100nZl+GT+yacc2bEced5f9Rjk4z+WtFUTBu9PhOi9j/jfmBPu0mMEY4wIdAF8A==",
      "dev": true,
      "engines": {
        "node": ">= 0.6.0"
      }
    }
  }
}
